
Microsoft Visual Studio Solution File, Format Version 12.00
# Visual Studio Version 17
VisualStudioVersion = 17.7.34031.279
MinimumVisualStudioVersion = 10.0.40219.1
Project("{9A19103F-16F7-4668-BE54-9A1E7A4F7556}") = "Km56.Infrastructure", "..\..\..\..\AzureDevOps\Repos\Km56.Infrastructure\src\Km56.Infrastructure\Km56.Infrastructure.csproj", "{84922864-D041-4378-AC1A-572006EFA843}"
EndProject
Project("{9A19103F-16F7-4668-BE54-9A1E7A4F7556}") = "Km56.RedditStats.Domain", "Km56.RedditStats.Domain\Km56.RedditStats.Domain.csproj", "{BBED61B6-9639-4FD1-8831-D9FDA40C9737}"
EndProject
Project("{9A19103F-16F7-4668-BE54-9A1E7A4F7556}") = "Km56.RedditStats.Application.Dto", "Km56.RedditStats.Application.Dto\Km56.RedditStats.Application.Dto.csproj", "{35190265-6F29-4708-A95A-4FB64DCD4EF6}"
EndProject
Project("{9A19103F-16F7-4668-BE54-9A1E7A4F7556}") = "Km56.RedditStats.Infrastructure", "Km56.RedditStats.Infrastructure\Km56.RedditStats.Infrastructure.csproj", "{F799F144-7BFD-40A5-A428-C609A73EC569}"
EndProject
Project("{9A19103F-16F7-4668-BE54-9A1E7A4F7556}") = "Km56.RedditStats.Infrastructure.Service", "Km56.RedditStats.Infrastructure.Service\Km56.RedditStats.Infrastructure.Service.csproj", "{BC06ADDD-AF73-485C-8B15-F71B288EE6D7}"
EndProject
Project("{9A19103F-16F7-4668-BE54-9A1E7A4F7556}") = "Km56.RedditStats.Infrastructure.Service.Test", "Km56.RedditStats.Infrastructure.Service.Test\Km56.RedditStats.Infrastructure.Service.Test.csproj", "{1E5AEFE7-866B-4C62-8E2D-92B85E3F3CBB}"
EndProject
Project("{FAE04EC0-301F-11D3-BF4B-00C04F79EFBC}") = "Km56.RedditStats.Application", "Km56.RedditStats.Application\Km56.RedditStats.Application.csproj", "{217BFD74-1132-406B-B9DB-8B43C9BF1611}"
EndProject
Project("{FAE04EC0-301F-11D3-BF4B-00C04F79EFBC}") = "Km56.RedditStats.Presentation.Wpf", "Km56.RedditStats.Presentation.Wpf\Km56.RedditStats.Presentation.Wpf.csproj", "{BA037C54-3B91-44C8-8AB9-716CEE5234D8}"
EndProject
Global
	GlobalSection(SolutionConfigurationPlatforms) = preSolution
		Debug|Any CPU = Debug|Any CPU
		Release|Any CPU = Release|Any CPU
	EndGlobalSection
	GlobalSection(ProjectConfigurationPlatforms) = postSolution
		{84922864-D041-4378-AC1A-572006EFA843}.Debug|Any CPU.ActiveCfg = Debug|Any CPU
		{84922864-D041-4378-AC1A-572006EFA843}.Debug|Any CPU.Build.0 = Debug|Any CPU
		{84922864-D041-4378-AC1A-572006EFA843}.Release|Any CPU.ActiveCfg = Release|Any CPU
		{84922864-D041-4378-AC1A-572006EFA843}.Release|Any CPU.Build.0 = Release|Any CPU
		{BBED61B6-9639-4FD1-8831-D9FDA40C9737}.Debug|Any CPU.ActiveCfg = Debug|Any CPU
		{BBED61B6-9639-4FD1-8831-D9FDA40C9737}.Debug|Any CPU.Build.0 = Debug|Any CPU
		{BBED61B6-9639-4FD1-8831-D9FDA40C9737}.Release|Any CPU.ActiveCfg = Release|Any CPU
		{BBED61B6-9639-4FD1-8831-D9FDA40C9737}.Release|Any CPU.Build.0 = Release|Any CPU
		{35190265-6F29-4708-A95A-4FB64DCD4EF6}.Debug|Any CPU.ActiveCfg = Debug|Any CPU
		{35190265-6F29-4708-A95A-4FB64DCD4EF6}.Debug|Any CPU.Build.0 = Debug|Any CPU
		{35190265-6F29-4708-A95A-4FB64DCD4EF6}.Release|Any CPU.ActiveCfg = Release|Any CPU
		{35190265-6F29-4708-A95A-4FB64DCD4EF6}.Release|Any CPU.Build.0 = Release|Any CPU
		{F799F144-7BFD-40A5-A428-C609A73EC569}.Debug|Any CPU.ActiveCfg = Debug|Any CPU
		{F799F144-7BFD-40A5-A428-C609A73EC569}.Debug|Any CPU.Build.0 = Debug|Any CPU
		{F799F144-7BFD-40A5-A428-C609A73EC569}.Release|Any CPU.ActiveCfg = Release|Any CPU
		{F799F144-7BFD-40A5-A428-C609A73EC569}.Release|Any CPU.Build.0 = Release|Any CPU
		{BC06ADDD-AF73-485C-8B15-F71B288EE6D7}.Debug|Any CPU.ActiveCfg = Debug|Any CPU
		{BC06ADDD-AF73-485C-8B15-F71B288EE6D7}.Debug|Any CPU.Build.0 = Debug|Any CPU
		{BC06ADDD-AF73-485C-8B15-F71B288EE6D7}.Release|Any CPU.ActiveCfg = Release|Any CPU
		{BC06ADDD-AF73-485C-8B15-F71B288EE6D7}.Release|Any CPU.Build.0 = Release|Any CPU
		{1E5AEFE7-866B-4C62-8E2D-92B85E3F3CBB}.Debug|Any CPU.ActiveCfg = Debug|Any CPU
		{1E5AEFE7-866B-4C62-8E2D-92B85E3F3CBB}.Debug|Any CPU.Build.0 = Debug|Any CPU
		{1E5AEFE7-866B-4C62-8E2D-92B85E3F3CBB}.Release|Any CPU.ActiveCfg = Release|Any CPU
		{1E5AEFE7-866B-4C62-8E2D-92B85E3F3CBB}.Release|Any CPU.Build.0 = Release|Any CPU
		{217BFD74-1132-406B-B9DB-8B43C9BF1611}.Debug|Any CPU.ActiveCfg = Debug|Any CPU
		{217BFD74-1132-406B-B9DB-8B43C9BF1611}.Debug|Any CPU.Build.0 = Debug|Any CPU
		{217BFD74-1132-406B-B9DB-8B43C9BF1611}.Release|Any CPU.ActiveCfg = Release|Any CPU
		{217BFD74-1132-406B-B9DB-8B43C9BF1611}.Release|Any CPU.Build.0 = Release|Any CPU
		{BA037C54-3B91-44C8-8AB9-716CEE5234D8}.Debug|Any CPU.ActiveCfg = Debug|Any CPU
		{BA037C54-3B91-44C8-8AB9-716CEE5234D8}.Debug|Any CPU.Build.0 = Debug|Any CPU
		{BA037C54-3B91-44C8-8AB9-716CEE5234D8}.Release|Any CPU.ActiveCfg = Release|Any CPU
		{BA037C54-3B91-44C8-8AB9-716CEE5234D8}.Release|Any CPU.Build.0 = Release|Any CPU
	EndGlobalSection
	GlobalSection(SolutionProperties) = preSolution
		HideSolutionNode = FALSE
	EndGlobalSection
	GlobalSection(ExtensibilityGlobals) = postSolution
		SolutionGuid = {BD088A4F-3B38-447E-A963-33F76B7AADD5}
	EndGlobalSection
EndGlobal
